
Microsoft Visual Studio Solution File, Format Version 12.00
# Visual Studio 15
VisualStudioVersion = 15.0.28307.757
MinimumVisualStudioVersion = 10.0.40219.1
Project("{E24C65DC-7377-472B-9ABA-BC803B73C61A}") = "Belbin_CEIL865Lab8", "Belbin_CEIL865Lab8\", "{C92D9FB8-5708-49CA-A35C-55D7801381B1}"
	ProjectSection(WebsiteProperties) = preProject
		TargetFrameworkMoniker = ".NETFramework,Version%3Dv4.6.1"
		Debug.AspNetCompiler.VirtualPath = "/localhost_50612"
		Debug.AspNetCompiler.PhysicalPath = "Belbin_CEIL865Lab8\"
		Debug.AspNetCompiler.TargetPath = "PrecompiledWeb\localhost_50612\"
		Debug.AspNetCompiler.Updateable = "true"
		Debug.AspNetCompiler.ForceOverwrite = "true"
		Debug.AspNetCompiler.FixedNames = "false"
		Debug.AspNetCompiler.Debug = "True"
		Release.AspNetCompiler.VirtualPath = "/localhost_50612"
		Release.AspNetCompiler.PhysicalPath = "Belbin_CEIL865Lab8\"
		Release.AspNetCompiler.TargetPath = "PrecompiledWeb\localhost_50612\"
		Release.AspNetCompiler.Updateable = "true"
		Release.AspNetCompiler.ForceOverwrite = "true"
		Release.AspNetCompiler.FixedNames = "false"
		Release.AspNetCompiler.Debug = "False"
		VWDPort = "50612"
		SlnRelativePath = "Belbin_CEIL865Lab8\"
		DefaultWebSiteLanguage = "Visual C#"
	EndProjectSection
EndProject
Global
	GlobalSection(SolutionConfigurationPlatforms) = preSolution
		Debug|Any CPU = Debug|Any CPU
	EndGlobalSection
	GlobalSection(ProjectConfigurationPlatforms) = postSolution
		{C92D9FB8-5708-49CA-A35C-55D7801381B1}.Debug|Any CPU.ActiveCfg = Debug|Any CPU
		{C92D9FB8-5708-49CA-A35C-55D7801381B1}.Debug|Any CPU.Build.0 = Debug|Any CPU
	EndGlobalSection
	GlobalSection(SolutionProperties) = preSolution
		HideSolutionNode = FALSE
	EndGlobalSection
	GlobalSection(ExtensibilityGlobals) = postSolution
		SolutionGuid = {94D0E74C-7E64-44BF-9428-3DD8D909E0F0}
	EndGlobalSection
EndGlobal
